
Microsoft Visual Studio Solution File, Format Version 12.00
# Visual Studio 14
VisualStudioVersion = 14.0.25420.1
MinimumVisualStudioVersion = 10.0.40219.1
Project("{FAE04EC0-301F-11D3-BF4B-00C04F79EFBC}") = "SimpleNotification.Android", "SimpleNotification\SimpleNotification.Android\SimpleNotification.Android.csproj", "{8E073E91-D7A8-44CE-91A2-FC854168B139}"
EndProject
Project("{FAE04EC0-301F-11D3-BF4B-00C04F79EFBC}") = "SimpleNotification", "SimpleNotification\SimpleNotification\SimpleNotification.csproj", "{07EE9001-2876-4DA7-8795-565B3F078271}"
EndProject
Project("{FAE04EC0-301F-11D3-BF4B-00C04F79EFBC}") = "SimpleNotification.UWP", "SimpleNotification\SimpleNotification.UWP\SimpleNotification.UWP.csproj", "{48622785-3576-40B8-BE4F-62E5723C1EFD}"
EndProject
Project("{FAE04EC0-301F-11D3-BF4B-00C04F79EFBC}") = "SimpleNotification.iOS", "SimpleNotification\SimpleNotification.iOS\SimpleNotification.iOS.csproj", "{DDE128CD-A7ED-4F30-867D-FD109A2A5162}"
EndProject
Global
	GlobalSection(SolutionConfigurationPlatforms) = preSolution
		Ad-Hoc|Any CPU = Ad-Hoc|Any CPU
		Ad-Hoc|ARM = Ad-Hoc|ARM
		Ad-Hoc|iPhone = Ad-Hoc|iPhone
		Ad-Hoc|iPhoneSimulator = Ad-Hoc|iPhoneSimulator
		Ad-Hoc|x64 = Ad-Hoc|x64
		Ad-Hoc|x86 = Ad-Hoc|x86
		AppStore|Any CPU = AppStore|Any CPU
		AppStore|ARM = AppStore|ARM
		AppStore|iPhone = AppStore|iPhone
		AppStore|iPhoneSimulator = AppStore|iPhoneSimulator
		AppStore|x64 = AppStore|x64
		AppStore|x86 = AppStore|x86
		Debug|Any CPU = Debug|Any CPU
		Debug|ARM = Debug|ARM
		Debug|iPhone = Debug|iPhone
		Debug|iPhoneSimulator = Debug|iPhoneSimulator
		Debug|x64 = Debug|x64
		Debug|x86 = Debug|x86
		Release|Any CPU = Release|Any CPU
		Release|ARM = Release|ARM
		Release|iPhone = Release|iPhone
		Release|iPhoneSimulator = Release|iPhoneSimulator
		Release|x64 = Release|x64
		Release|x86 = Release|x86
	EndGlobalSection
	GlobalSection(ProjectConfigurationPlatforms) = postSolution
		{8E073E91-D7A8-44CE-91A2-FC854168B139}.Ad-Hoc|Any CPU.ActiveCfg = Release|Any CPU
		{8E073E91-D7A8-44CE-91A2-FC854168B139}.Ad-Hoc|Any CPU.Build.0 = Release|Any CPU
		{8E073E91-D7A8-44CE-91A2-FC854168B139}.Ad-Hoc|Any CPU.Deploy.0 = Release|Any CPU
		{8E073E91-D7A8-44CE-91A2-FC854168B139}.Ad-Hoc|ARM.ActiveCfg = Release|Any CPU
		{8E073E91-D7A8-44CE-91A2-FC854168B139}.Ad-Hoc|ARM.Build.0 = Release|Any CPU
		{8E073E91-D7A8-44CE-91A2-FC854168B139}.Ad-Hoc|ARM.Deploy.0 = Release|Any CPU
		{8E073E91-D7A8-44CE-91A2-FC854168B139}.Ad-Hoc|iPhone.ActiveCfg = Release|Any CPU
		{8E073E91-D7A8-44CE-91A2-FC854168B139}.Ad-Hoc|iPhone.Build.0 = Release|Any CPU
		{8E073E91-D7A8-44CE-91A2-FC854168B139}.Ad-Hoc|iPhone.Deploy.0 = Release|Any CPU
		{8E073E91-D7A8-44CE-91A2-FC854168B139}.Ad-Hoc|iPhoneSimulator.ActiveCfg = Release|Any CPU
		{8E073E91-D7A8-44CE-91A2-FC854168B139}.Ad-Hoc|iPhoneSimulator.Build.0 = Release|Any CPU
		{8E073E91-D7A8-44CE-91A2-FC854168B139}.Ad-Hoc|iPhoneSimulator.Deploy.0 = Release|Any CPU
		{8E073E91-D7A8-44CE-91A2-FC854168B139}.Ad-Hoc|x64.ActiveCfg = Release|Any CPU
		{8E073E91-D7A8-44CE-91A2-FC854168B139}.Ad-Hoc|x64.Build.0 = Release|Any CPU
		{8E073E91-D7A8-44CE-91A2-FC854168B139}.Ad-Hoc|x64.Deploy.0 = Release|Any CPU
		{8E073E91-D7A8-44CE-91A2-FC854168B139}.Ad-Hoc|x86.ActiveCfg = Release|Any CPU
		{8E073E91-D7A8-44CE-91A2-FC854168B139}.Ad-Hoc|x86.Build.0 = Release|Any CPU
		{8E073E91-D7A8-44CE-91A2-FC854168B139}.Ad-Hoc|x86.Deploy.0 = Release|Any CPU
		{8E073E91-D7A8-44CE-91A2-FC854168B139}.AppStore|Any CPU.ActiveCfg = Release|Any CPU
		{8E073E91-D7A8-44CE-91A2-FC854168B139}.AppStore|Any CPU.Build.0 = Release|Any CPU
		{8E073E91-D7A8-44CE-91A2-FC854168B139}.AppStore|Any CPU.Deploy.0 = Release|Any CPU
		{8E073E91-D7A8-44CE-91A2-FC854168B139}.AppStore|ARM.ActiveCfg = Release|Any CPU
		{8E073E91-D7A8-44CE-91A2-FC854168B139}.AppStore|ARM.Build.0 = Release|Any CPU
		{8E073E91-D7A8-44CE-91A2-FC854168B139}.AppStore|ARM.Deploy.0 = Release|Any CPU
		{8E073E91-D7A8-44CE-91A2-FC854168B139}.AppStore|iPhone.ActiveCfg = Release|Any CPU
		{8E073E91-D7A8-44CE-91A2-FC854168B139}.AppStore|iPhone.Build.0 = Release|Any CPU
		{8E073E91-D7A8-44CE-91A2-FC854168B139}.AppStore|iPhone.Deploy.0 = Release|Any CPU
		{8E073E91-D7A8-44CE-91A2-FC854168B139}.AppStore|iPhoneSimulator.ActiveCfg = Release|Any CPU
		{8E073E91-D7A8-44CE-91A2-FC854168B139}.AppStore|iPhoneSimulator.Build.0 = Release|Any CPU
		{8E073E91-D7A8-44CE-91A2-FC854168B139}.AppStore|iPhoneSimulator.Deploy.0 = Release|Any CPU
		{8E073E91-D7A8-44CE-91A2-FC854168B139}.AppStore|x64.ActiveCfg = Release|Any CPU
		{8E073E91-D7A8-44CE-91A2-FC854168B139}.AppStore|x64.Build.0 = Release|Any CPU
		{8E073E91-D7A8-44CE-91A2-FC854168B139}.AppStore|x64.Deploy.0 = Release|Any CPU
		{8E073E91-D7A8-44CE-91A2-FC854168B139}.AppStore|x86.ActiveCfg = Release|Any CPU
		{8E073E91-D7A8-44CE-91A2-FC854168B139}.AppStore|x86.Build.0 = Release|Any CPU
		{8E073E91-D7A8-44CE-91A2-FC854168B139}.AppStore|x86.Deploy.0 = Release|Any CPU
		{8E073E91-D7A8-44CE-91A2-FC854168B139}.Debug|Any CPU.ActiveCfg = Debug|Any CPU
		{8E073E91-D7A8-44CE-91A2-FC854168B139}.Debug|Any CPU.Build.0 = Debug|Any CPU
		{8E073E91-D7A8-44CE-91A2-FC854168B139}.Debug|Any CPU.Deploy.0 = Debug|Any CPU
		{8E073E91-D7A8-44CE-91A2-FC854168B139}.Debug|ARM.ActiveCfg = Debug|Any CPU
		{8E073E91-D7A8-44CE-91A2-FC854168B139}.Debug|ARM.Build.0 = Debug|Any CPU
		{8E073E91-D7A8-44CE-91A2-FC854168B139}.Debug|ARM.Deploy.0 = Debug|Any CPU
		{8E073E91-D7A8-44CE-91A2-FC854168B139}.Debug|iPhone.ActiveCfg = Debug|Any CPU
		{8E073E91-D7A8-44CE-91A2-FC854168B139}.Debug|iPhone.Build.0 = Debug|Any CPU
		{8E073E91-D7A8-44CE-91A2-FC854168B139}.Debug|iPhone.Deploy.0 = Debug|Any CPU
		{8E073E91-D7A8-44CE-91A2-FC854168B139}.Debug|iPhoneSimulator.ActiveCfg = Debug|Any CPU
		{8E073E91-D7A8-44CE-91A2-FC854168B139}.Debug|iPhoneSimulator.Build.0 = Debug|Any CPU
		{8E073E91-D7A8-44CE-91A2-FC854168B139}.Debug|iPhoneSimulator.Deploy.0 = Debug|Any CPU
		{8E073E91-D7A8-44CE-91A2-FC854168B139}.Debug|x64.ActiveCfg = Debug|Any CPU
		{8E073E91-D7A8-44CE-91A2-FC854168B139}.Debug|x64.Build.0 = Debug|Any CPU
		{8E073E91-D7A8-44CE-91A2-FC854168B139}.Debug|x64.Deploy.0 = Debug|Any CPU
		{8E073E91-D7A8-44CE-91A2-FC854168B139}.Debug|x86.ActiveCfg = Debug|Any CPU
		{8E073E91-D7A8-44CE-91A2-FC854168B139}.Debug|x86.Build.0 = Debug|Any CPU
		{8E073E91-D7A8-44CE-91A2-FC854168B139}.Debug|x86.Deploy.0 = Debug|Any CPU
		{8E073E91-D7A8-44CE-91A2-FC854168B139}.Release|Any CPU.ActiveCfg = Release|Any CPU
		{8E073E91-D7A8-44CE-91A2-FC854168B139}.Release|Any CPU.Build.0 = Release|Any CPU
		{8E073E91-D7A8-44CE-91A2-FC854168B139}.Release|Any CPU.Deploy.0 = Release|Any CPU
		{8E073E91-D7A8-44CE-91A2-FC854168B139}.Release|ARM.ActiveCfg = Release|Any CPU
		{8E073E91-D7A8-44CE-91A2-FC854168B139}.Release|ARM.Build.0 = Release|Any CPU
		{8E073E91-D7A8-44CE-91A2-FC854168B139}.Release|ARM.Deploy.0 = Release|Any CPU
		{8E073E91-D7A8-44CE-91A2-FC854168B139}.Release|iPhone.ActiveCfg = Release|Any CPU
		{8E073E91-D7A8-44CE-91A2-FC854168B139}.Release|iPhone.Build.0 = Release|Any CPU
		{8E073E91-D7A8-44CE-91A2-FC854168B139}.Release|iPhone.Deploy.0 = Release|Any CPU
		{8E073E91-D7A8-44CE-91A2-FC854168B139}.Release|iPhoneSimulator.ActiveCfg = Release|Any CPU
		{8E073E91-D7A8-44CE-91A2-FC854168B139}.Release|iPhoneSimulator.Build.0 = Release|Any CPU
		{8E073E91-D7A8-44CE-91A2-FC854168B139}.Release|iPhoneSimulator.Deploy.0 = Release|Any CPU
		{8E073E91-D7A8-44CE-91A2-FC854168B139}.Release|x64.ActiveCfg = Release|Any CPU
		{8E073E91-D7A8-44CE-91A2-FC854168B139}.Release|x64.Build.0 = Release|Any CPU
		{8E073E91-D7A8-44CE-91A2-FC854168B139}.Release|x64.Deploy.0 = Release|Any CPU
		{8E073E91-D7A8-44CE-91A2-FC854168B139}.Release|x86.ActiveCfg = Release|Any CPU
		{8E073E91-D7A8-44CE-91A2-FC854168B139}.Release|x86.Build.0 = Release|Any CPU
		{8E073E91-D7A8-44CE-91A2-FC854168B139}.Release|x86.Deploy.0 = Release|Any CPU
		{07EE9001-2876-4DA7-8795-565B3F078271}.Ad-Hoc|Any CPU.ActiveCfg = Release|Any CPU
		{07EE9001-2876-4DA7-8795-565B3F078271}.Ad-Hoc|Any CPU.Build.0 = Release|Any CPU
		{07EE9001-2876-4DA7-8795-565B3F078271}.Ad-Hoc|ARM.ActiveCfg = Release|Any CPU
		{07EE9001-2876-4DA7-8795-565B3F078271}.Ad-Hoc|ARM.Build.0 = Release|Any CPU
		{07EE9001-2876-4DA7-8795-565B3F078271}.Ad-Hoc|iPhone.ActiveCfg = Release|Any CPU
		{07EE9001-2876-4DA7-8795-565B3F078271}.Ad-Hoc|iPhone.Build.0 = Release|Any CPU
		{07EE9001-2876-4DA7-8795-565B3F078271}.Ad-Hoc|iPhoneSimulator.ActiveCfg = Release|Any CPU
		{07EE9001-2876-4DA7-8795-565B3F078271}.Ad-Hoc|iPhoneSimulator.Build.0 = Release|Any CPU
		{07EE9001-2876-4DA7-8795-565B3F078271}.Ad-Hoc|x64.ActiveCfg = Release|Any CPU
		{07EE9001-2876-4DA7-8795-565B3F078271}.Ad-Hoc|x64.Build.0 = Release|Any CPU
		{07EE9001-2876-4DA7-8795-565B3F078271}.Ad-Hoc|x86.ActiveCfg = Release|Any CPU
		{07EE9001-2876-4DA7-8795-565B3F078271}.Ad-Hoc|x86.Build.0 = Release|Any CPU
		{07EE9001-2876-4DA7-8795-565B3F078271}.AppStore|Any CPU.ActiveCfg = Release|Any CPU
		{07EE9001-2876-4DA7-8795-565B3F078271}.AppStore|Any CPU.Build.0 = Release|Any CPU
		{07EE9001-2876-4DA7-8795-565B3F078271}.AppStore|ARM.ActiveCfg = Release|Any CPU
		{07EE9001-2876-4DA7-8795-565B3F078271}.AppStore|ARM.Build.0 = Release|Any CPU
		{07EE9001-2876-4DA7-8795-565B3F078271}.AppStore|iPhone.ActiveCfg = Release|Any CPU
		{07EE9001-2876-4DA7-8795-565B3F078271}.AppStore|iPhone.Build.0 = Release|Any CPU
		{07EE9001-2876-4DA7-8795-565B3F078271}.AppStore|iPhoneSimulator.ActiveCfg = Release|Any CPU
		{07EE9001-2876-4DA7-8795-565B3F078271}.AppStore|iPhoneSimulator.Build.0 = Release|Any CPU
		{07EE9001-2876-4DA7-8795-565B3F078271}.AppStore|x64.ActiveCfg = Release|Any CPU
		{07EE9001-2876-4DA7-8795-565B3F078271}.AppStore|x64.Build.0 = Release|Any CPU
		{07EE9001-2876-4DA7-8795-565B3F078271}.AppStore|x86.ActiveCfg = Release|Any CPU
		{07EE9001-2876-4DA7-8795-565B3F078271}.AppStore|x86.Build.0 = Release|Any CPU
		{07EE9001-2876-4DA7-8795-565B3F078271}.Debug|Any CPU.ActiveCfg = Debug|Any CPU
		{07EE9001-2876-4DA7-8795-565B3F078271}.Debug|Any CPU.Build.0 = Debug|Any CPU
		{07EE9001-2876-4DA7-8795-565B3F078271}.Debug|ARM.ActiveCfg = Debug|Any CPU
		{07EE9001-2876-4DA7-8795-565B3F078271}.Debug|ARM.Build.0 = Debug|Any CPU
		{07EE9001-2876-4DA7-8795-565B3F078271}.Debug|iPhone.ActiveCfg = Debug|Any CPU
		{07EE9001-2876-4DA7-8795-565B3F078271}.Debug|iPhone.Build.0 = Debug|Any CPU
		{07EE9001-2876-4DA7-8795-565B3F078271}.Debug|iPhoneSimulator.ActiveCfg = Debug|Any CPU
		{07EE9001-2876-4DA7-8795-565B3F078271}.Debug|iPhoneSimulator.Build.0 = Debug|Any CPU
		{07EE9001-2876-4DA7-8795-565B3F078271}.Debug|x64.ActiveCfg = Debug|Any CPU
		{07EE9001-2876-4DA7-8795-565B3F078271}.Debug|x64.Build.0 = Debug|Any CPU
		{07EE9001-2876-4DA7-8795-565B3F078271}.Debug|x86.ActiveCfg = Debug|Any CPU
		{07EE9001-2876-4DA7-8795-565B3F078271}.Debug|x86.Build.0 = Debug|Any CPU
		{07EE9001-2876-4DA7-8795-565B3F078271}.Release|Any CPU.ActiveCfg = Release|Any CPU
		{07EE9001-2876-4DA7-8795-565B3F078271}.Release|Any CPU.Build.0 = Release|Any CPU
		{07EE9001-2876-4DA7-8795-565B3F078271}.Release|ARM.ActiveCfg = Release|Any CPU
		{07EE9001-2876-4DA7-8795-565B3F078271}.Release|ARM.Build.0 = Release|Any CPU
		{07EE9001-2876-4DA7-8795-565B3F078271}.Release|iPhone.ActiveCfg = Release|Any CPU
		{07EE9001-2876-4DA7-8795-565B3F078271}.Release|iPhone.Build.0 = Release|Any CPU
		{07EE9001-2876-4DA7-8795-565B3F078271}.Release|iPhoneSimulator.ActiveCfg = Release|Any CPU
		{07EE9001-2876-4DA7-8795-565B3F078271}.Release|iPhoneSimulator.Build.0 = Release|Any CPU
		{07EE9001-2876-4DA7-8795-565B3F078271}.Release|x64.ActiveCfg = Release|Any CPU
		{07EE9001-2876-4DA7-8795-565B3F078271}.Release|x64.Build.0 = Release|Any CPU
		{07EE9001-2876-4DA7-8795-565B3F078271}.Release|x86.ActiveCfg = Release|Any CPU
		{07EE9001-2876-4DA7-8795-565B3F078271}.Release|x86.Build.0 = Release|Any CPU
		{48622785-3576-40B8-BE4F-62E5723C1EFD}.Ad-Hoc|Any CPU.ActiveCfg = Release|x86
		{48622785-3576-40B8-BE4F-62E5723C1EFD}.Ad-Hoc|Any CPU.Build.0 = Release|x86
		{48622785-3576-40B8-BE4F-62E5723C1EFD}.Ad-Hoc|Any CPU.Deploy.0 = Release|x86
		{48622785-3576-40B8-BE4F-62E5723C1EFD}.Ad-Hoc|ARM.ActiveCfg = Release|ARM
		{48622785-3576-40B8-BE4F-62E5723C1EFD}.Ad-Hoc|ARM.Build.0 = Release|ARM
		{48622785-3576-40B8-BE4F-62E5723C1EFD}.Ad-Hoc|ARM.Deploy.0 = Release|ARM
		{48622785-3576-40B8-BE4F-62E5723C1EFD}.Ad-Hoc|iPhone.ActiveCfg = Release|x86
		{48622785-3576-40B8-BE4F-62E5723C1EFD}.Ad-Hoc|iPhone.Build.0 = Release|x86
		{48622785-3576-40B8-BE4F-62E5723C1EFD}.Ad-Hoc|iPhone.Deploy.0 = Release|x86
		{48622785-3576-40B8-BE4F-62E5723C1EFD}.Ad-Hoc|iPhoneSimulator.ActiveCfg = Release|x86
		{48622785-3576-40B8-BE4F-62E5723C1EFD}.Ad-Hoc|iPhoneSimulator.Build.0 = Release|x86
		{48622785-3576-40B8-BE4F-62E5723C1EFD}.Ad-Hoc|iPhoneSimulator.Deploy.0 = Release|x86
		{48622785-3576-40B8-BE4F-62E5723C1EFD}.Ad-Hoc|x64.ActiveCfg = Release|x64
		{48622785-3576-40B8-BE4F-62E5723C1EFD}.Ad-Hoc|x64.Build.0 = Release|x64
		{48622785-3576-40B8-BE4F-62E5723C1EFD}.Ad-Hoc|x64.Deploy.0 = Release|x64
		{48622785-3576-40B8-BE4F-62E5723C1EFD}.Ad-Hoc|x86.ActiveCfg = Release|x86
		{48622785-3576-40B8-BE4F-62E5723C1EFD}.Ad-Hoc|x86.Build.0 = Release|x86
		{48622785-3576-40B8-BE4F-62E5723C1EFD}.Ad-Hoc|x86.Deploy.0 = Release|x86
		{48622785-3576-40B8-BE4F-62E5723C1EFD}.AppStore|Any CPU.ActiveCfg = Release|x86
		{48622785-3576-40B8-BE4F-62E5723C1EFD}.AppStore|Any CPU.Build.0 = Release|x86
		{48622785-3576-40B8-BE4F-62E5723C1EFD}.AppStore|Any CPU.Deploy.0 = Release|x86
		{48622785-3576-40B8-BE4F-62E5723C1EFD}.AppStore|ARM.ActiveCfg = Release|ARM
		{48622785-3576-40B8-BE4F-62E5723C1EFD}.AppStore|ARM.Build.0 = Release|ARM
		{48622785-3576-40B8-BE4F-62E5723C1EFD}.AppStore|ARM.Deploy.0 = Release|ARM
		{48622785-3576-40B8-BE4F-62E5723C1EFD}.AppStore|iPhone.ActiveCfg = Release|x86
		{48622785-3576-40B8-BE4F-62E5723C1EFD}.AppStore|iPhone.Build.0 = Release|x86
		{48622785-3576-40B8-BE4F-62E5723C1EFD}.AppStore|iPhone.Deploy.0 = Release|x86
		{48622785-3576-40B8-BE4F-62E5723C1EFD}.AppStore|iPhoneSimulator.ActiveCfg = Release|x86
		{48622785-3576-40B8-BE4F-62E5723C1EFD}.AppStore|iPhoneSimulator.Build.0 = Release|x86
		{48622785-3576-40B8-BE4F-62E5723C1EFD}.AppStore|iPhoneSimulator.Deploy.0 = Release|x86
		{48622785-3576-40B8-BE4F-62E5723C1EFD}.AppStore|x64.ActiveCfg = Release|x64
		{48622785-3576-40B8-BE4F-62E5723C1EFD}.AppStore|x64.Build.0 = Release|x64
		{48622785-3576-40B8-BE4F-62E5723C1EFD}.AppStore|x64.Deploy.0 = Release|x64
		{48622785-3576-40B8-BE4F-62E5723C1EFD}.AppStore|x86.ActiveCfg = Release|x86
		{48622785-3576-40B8-BE4F-62E5723C1EFD}.AppStore|x86.Build.0 = Release|x86
		{48622785-3576-40B8-BE4F-62E5723C1EFD}.AppStore|x86.Deploy.0 = Release|x86
		{48622785-3576-40B8-BE4F-62E5723C1EFD}.Debug|Any CPU.ActiveCfg = Debug|x86
		{48622785-3576-40B8-BE4F-62E5723C1EFD}.Debug|ARM.ActiveCfg = Debug|ARM
		{48622785-3576-40B8-BE4F-62E5723C1EFD}.Debug|ARM.Build.0 = Debug|ARM
		{48622785-3576-40B8-BE4F-62E5723C1EFD}.Debug|ARM.Deploy.0 = Debug|ARM
		{48622785-3576-40B8-BE4F-62E5723C1EFD}.Debug|iPhone.ActiveCfg = Debug|x86
		{48622785-3576-40B8-BE4F-62E5723C1EFD}.Debug|iPhoneSimulator.ActiveCfg = Debug|x86
		{48622785-3576-40B8-BE4F-62E5723C1EFD}.Debug|x64.ActiveCfg = Debug|x64
		{48622785-3576-40B8-BE4F-62E5723C1EFD}.Debug|x64.Build.0 = Debug|x64
		{48622785-3576-40B8-BE4F-62E5723C1EFD}.Debug|x64.Deploy.0 = Debug|x64
		{48622785-3576-40B8-BE4F-62E5723C1EFD}.Debug|x86.ActiveCfg = Debug|x86
		{48622785-3576-40B8-BE4F-62E5723C1EFD}.Debug|x86.Build.0 = Debug|x86
		{48622785-3576-40B8-BE4F-62E5723C1EFD}.Debug|x86.Deploy.0 = Debug|x86
		{48622785-3576-40B8-BE4F-62E5723C1EFD}.Release|Any CPU.ActiveCfg = Release|x86
		{48622785-3576-40B8-BE4F-62E5723C1EFD}.Release|ARM.ActiveCfg = Release|ARM
		{48622785-3576-40B8-BE4F-62E5723C1EFD}.Release|ARM.Build.0 = Release|ARM
		{48622785-3576-40B8-BE4F-62E5723C1EFD}.Release|ARM.Deploy.0 = Release|ARM
		{48622785-3576-40B8-BE4F-62E5723C1EFD}.Release|iPhone.ActiveCfg = Release|x86
		{48622785-3576-40B8-BE4F-62E5723C1EFD}.Release|iPhoneSimulator.ActiveCfg = Release|x86
		{48622785-3576-40B8-BE4F-62E5723C1EFD}.Release|x64.ActiveCfg = Release|x64
		{48622785-3576-40B8-BE4F-62E5723C1EFD}.Release|x64.Build.0 = Release|x64
		{48622785-3576-40B8-BE4F-62E5723C1EFD}.Release|x64.Deploy.0 = Release|x64
		{48622785-3576-40B8-BE4F-62E5723C1EFD}.Release|x86.ActiveCfg = Release|x86
		{48622785-3576-40B8-BE4F-62E5723C1EFD}.Release|x86.Build.0 = Release|x86
		{48622785-3576-40B8-BE4F-62E5723C1EFD}.Release|x86.Deploy.0 = Release|x86
		{DDE128CD-A7ED-4F30-867D-FD109A2A5162}.Ad-Hoc|Any CPU.ActiveCfg = Ad-Hoc|iPhone
		{DDE128CD-A7ED-4F30-867D-FD109A2A5162}.Ad-Hoc|ARM.ActiveCfg = Ad-Hoc|iPhone
		{DDE128CD-A7ED-4F30-867D-FD109A2A5162}.Ad-Hoc|iPhone.ActiveCfg = Ad-Hoc|iPhone
		{DDE128CD-A7ED-4F30-867D-FD109A2A5162}.Ad-Hoc|iPhone.Build.0 = Ad-Hoc|iPhone
		{DDE128CD-A7ED-4F30-867D-FD109A2A5162}.Ad-Hoc|iPhoneSimulator.ActiveCfg = Ad-Hoc|iPhoneSimulator
		{DDE128CD-A7ED-4F30-867D-FD109A2A5162}.Ad-Hoc|iPhoneSimulator.Build.0 = Ad-Hoc|iPhoneSimulator
		{DDE128CD-A7ED-4F30-867D-FD109A2A5162}.Ad-Hoc|x64.ActiveCfg = Ad-Hoc|iPhone
		{DDE128CD-A7ED-4F30-867D-FD109A2A5162}.Ad-Hoc|x86.ActiveCfg = Ad-Hoc|iPhone
		{DDE128CD-A7ED-4F30-867D-FD109A2A5162}.AppStore|Any CPU.ActiveCfg = AppStore|iPhone
		{DDE128CD-A7ED-4F30-867D-FD109A2A5162}.AppStore|ARM.ActiveCfg = AppStore|iPhone
		{DDE128CD-A7ED-4F30-867D-FD109A2A5162}.AppStore|iPhone.ActiveCfg = AppStore|iPhone
		{DDE128CD-A7ED-4F30-867D-FD109A2A5162}.AppStore|iPhone.Build.0 = AppStore|iPhone
		{DDE128CD-A7ED-4F30-867D-FD109A2A5162}.AppStore|iPhoneSimulator.ActiveCfg = AppStore|iPhoneSimulator
		{DDE128CD-A7ED-4F30-867D-FD109A2A5162}.AppStore|iPhoneSimulator.Build.0 = AppStore|iPhoneSimulator
		{DDE128CD-A7ED-4F30-867D-FD109A2A5162}.AppStore|x64.ActiveCfg = AppStore|iPhone
		{DDE128CD-A7ED-4F30-867D-FD109A2A5162}.AppStore|x86.ActiveCfg = AppStore|iPhone
		{DDE128CD-A7ED-4F30-867D-FD109A2A5162}.Debug|Any CPU.ActiveCfg = Debug|iPhone
		{DDE128CD-A7ED-4F30-867D-FD109A2A5162}.Debug|ARM.ActiveCfg = Debug|iPhone
		{DDE128CD-A7ED-4F30-867D-FD109A2A5162}.Debug|iPhone.ActiveCfg = Debug|iPhone
		{DDE128CD-A7ED-4F30-867D-FD109A2A5162}.Debug|iPhone.Build.0 = Debug|iPhone
		{DDE128CD-A7ED-4F30-867D-FD109A2A5162}.Debug|iPhoneSimulator.ActiveCfg = Debug|iPhoneSimulator
		{DDE128CD-A7ED-4F30-867D-FD109A2A5162}.Debug|iPhoneSimulator.Build.0 = Debug|iPhoneSimulator
		{DDE128CD-A7ED-4F30-867D-FD109A2A5162}.Debug|x64.ActiveCfg = Debug|iPhone
		{DDE128CD-A7ED-4F30-867D-FD109A2A5162}.Debug|x86.ActiveCfg = Debug|iPhone
		{DDE128CD-A7ED-4F30-867D-FD109A2A5162}.Release|Any CPU.ActiveCfg = Release|iPhone
		{DDE128CD-A7ED-4F30-867D-FD109A2A5162}.Release|ARM.ActiveCfg = Release|iPhone
		{DDE128CD-A7ED-4F30-867D-FD109A2A5162}.Release|iPhone.ActiveCfg = Release|iPhone
		{DDE128CD-A7ED-4F30-867D-FD109A2A5162}.Release|iPhone.Build.0 = Release|iPhone
		{DDE128CD-A7ED-4F30-867D-FD109A2A5162}.Release|iPhoneSimulator.ActiveCfg = Release|iPhoneSimulator
		{DDE128CD-A7ED-4F30-867D-FD109A2A5162}.Release|iPhoneSimulator.Build.0 = Release|iPhoneSimulator
		{DDE128CD-A7ED-4F30-867D-FD109A2A5162}.Release|x64.ActiveCfg = Release|iPhone
		{DDE128CD-A7ED-4F30-867D-FD109A2A5162}.Release|x86.ActiveCfg = Release|iPhone
	EndGlobalSection
	GlobalSection(SolutionProperties) = preSolution
		HideSolutionNode = FALSE
	EndGlobalSection
EndGlobal
